
Microsoft Visual Studio Solution File, Format Version 12.00
# Visual Studio Version 16
VisualStudioVersion = 16.0.29613.14
MinimumVisualStudioVersion = 10.0.40219.1
Project("{9A19103F-16F7-4668-BE54-9A1E7A4F7556}") = "BookManager.WebApi", "BookManager.WebApi.csproj", "{8F2C2065-32EA-4D8A-B351-19AD727CF794}"
EndProject
Global
	GlobalSection(SolutionConfigurationPlatforms) = preSolution
		Debug|Any CPU = Debug|Any CPU
		Release|Any CPU = Release|Any CPU
	EndGlobalSection
	GlobalSection(ProjectConfigurationPlatforms) = postSolution
		{8F2C2065-32EA-4D8A-B351-19AD727CF794}.Debug|Any CPU.ActiveCfg = Debug|Any CPU
		{8F2C2065-32EA-4D8A-B351-19AD727CF794}.Debug|Any CPU.Build.0 = Debug|Any CPU
		{8F2C2065-32EA-4D8A-B351-19AD727CF794}.Release|Any CPU.ActiveCfg = Release|Any CPU
		{8F2C2065-32EA-4D8A-B351-19AD727CF794}.Release|Any CPU.Build.0 = Release|Any CPU
	EndGlobalSection
	GlobalSection(SolutionProperties) = preSolution
		HideSolutionNode = FALSE
	EndGlobalSection
	GlobalSection(ExtensibilityGlobals) = postSolution
		SolutionGuid = {243C5993-D1CB-4A6D-81B7-424475D1438D}
	EndGlobalSection
EndGlobal
